
Microsoft Visual Studio Solution File, Format Version 12.00
# Visual Studio Version 16
VisualStudioVersion = 16.0.30309.148
MinimumVisualStudioVersion = 10.0.40219.1
Project("{9A19103F-16F7-4668-BE54-9A1E7A4F7556}") = "Registration.API", "Registration.API\Registration.API.csproj", "{91D7DDFD-4A48-4B3B-98AE-7929D55AD4A0}"
EndProject
Project("{9A19103F-16F7-4668-BE54-9A1E7A4F7556}") = "Registration.Entities", "Registration.Entities\Registration.Entities.csproj", "{9AC4BE21-39EA-47A0-8EA6-645D06ACBC0C}"
EndProject
Project("{9A19103F-16F7-4668-BE54-9A1E7A4F7556}") = "Registration.Repository", "Registration.Repositories\Registration.Repository.csproj", "{07962A10-E1CF-4DB7-982E-C4EAC0D38D73}"
EndProject
Project("{9A19103F-16F7-4668-BE54-9A1E7A4F7556}") = "Registration.Service", "Registration.Services\Registration.Service.csproj", "{2D71030F-835C-4D81-ADED-5184174CFA1E}"
EndProject
Project("{9A19103F-16F7-4668-BE54-9A1E7A4F7556}") = "Registration.Utilities", "Registration.Utilities\Registration.Utilities.csproj", "{47F1A54A-73F6-46BE-9096-EE23443E761C}"
EndProject
Project("{FAE04EC0-301F-11D3-BF4B-00C04F79EFBC}") = "Registration.Tests", "Registration.Tests\Registration.Tests.csproj", "{DAE6F481-F176-4B48-B182-05DEECBD40EB}"
EndProject
Global
	GlobalSection(SolutionConfigurationPlatforms) = preSolution
		Debug|Any CPU = Debug|Any CPU
		Release|Any CPU = Release|Any CPU
	EndGlobalSection
	GlobalSection(ProjectConfigurationPlatforms) = postSolution
		{91D7DDFD-4A48-4B3B-98AE-7929D55AD4A0}.Debug|Any CPU.ActiveCfg = Debug|Any CPU
		{91D7DDFD-4A48-4B3B-98AE-7929D55AD4A0}.Debug|Any CPU.Build.0 = Debug|Any CPU
		{91D7DDFD-4A48-4B3B-98AE-7929D55AD4A0}.Release|Any CPU.ActiveCfg = Release|Any CPU
		{91D7DDFD-4A48-4B3B-98AE-7929D55AD4A0}.Release|Any CPU.Build.0 = Release|Any CPU
		{9AC4BE21-39EA-47A0-8EA6-645D06ACBC0C}.Debug|Any CPU.ActiveCfg = Debug|Any CPU
		{9AC4BE21-39EA-47A0-8EA6-645D06ACBC0C}.Debug|Any CPU.Build.0 = Debug|Any CPU
		{9AC4BE21-39EA-47A0-8EA6-645D06ACBC0C}.Release|Any CPU.ActiveCfg = Release|Any CPU
		{9AC4BE21-39EA-47A0-8EA6-645D06ACBC0C}.Release|Any CPU.Build.0 = Release|Any CPU
		{07962A10-E1CF-4DB7-982E-C4EAC0D38D73}.Debug|Any CPU.ActiveCfg = Debug|Any CPU
		{07962A10-E1CF-4DB7-982E-C4EAC0D38D73}.Debug|Any CPU.Build.0 = Debug|Any CPU
		{07962A10-E1CF-4DB7-982E-C4EAC0D38D73}.Release|Any CPU.ActiveCfg = Release|Any CPU
		{07962A10-E1CF-4DB7-982E-C4EAC0D38D73}.Release|Any CPU.Build.0 = Release|Any CPU
		{2D71030F-835C-4D81-ADED-5184174CFA1E}.Debug|Any CPU.ActiveCfg = Debug|Any CPU
		{2D71030F-835C-4D81-ADED-5184174CFA1E}.Debug|Any CPU.Build.0 = Debug|Any CPU
		{2D71030F-835C-4D81-ADED-5184174CFA1E}.Release|Any CPU.ActiveCfg = Release|Any CPU
		{2D71030F-835C-4D81-ADED-5184174CFA1E}.Release|Any CPU.Build.0 = Release|Any CPU
		{47F1A54A-73F6-46BE-9096-EE23443E761C}.Debug|Any CPU.ActiveCfg = Debug|Any CPU
		{47F1A54A-73F6-46BE-9096-EE23443E761C}.Debug|Any CPU.Build.0 = Debug|Any CPU
		{47F1A54A-73F6-46BE-9096-EE23443E761C}.Release|Any CPU.ActiveCfg = Release|Any CPU
		{47F1A54A-73F6-46BE-9096-EE23443E761C}.Release|Any CPU.Build.0 = Release|Any CPU
		{DAE6F481-F176-4B48-B182-05DEECBD40EB}.Debug|Any CPU.ActiveCfg = Debug|Any CPU
		{DAE6F481-F176-4B48-B182-05DEECBD40EB}.Debug|Any CPU.Build.0 = Debug|Any CPU
		{DAE6F481-F176-4B48-B182-05DEECBD40EB}.Release|Any CPU.ActiveCfg = Release|Any CPU
		{DAE6F481-F176-4B48-B182-05DEECBD40EB}.Release|Any CPU.Build.0 = Release|Any CPU
	EndGlobalSection
	GlobalSection(SolutionProperties) = preSolution
		HideSolutionNode = FALSE
	EndGlobalSection
	GlobalSection(ExtensibilityGlobals) = postSolution
		SolutionGuid = {9F516BEA-48C3-48B4-8BEE-E306F5F1DA2F}
	EndGlobalSection
EndGlobal
